// !$*UTF8*$!
{
	archiveVersion = 1;
	classes = {
	};
	objectVersion = 56;
	objects = {

/* Begin PBXBuildFile section */
		10CB3AB92A02B22D0006A680 /* Pay_and_GoApp.swift in Sources */ = {isa = PBXBuildFile; fileRef = 10CB3AB82A02B22D0006A680 /* Pay_and_GoApp.swift */; };
		10CB3ABB2A02B22D0006A680 /* ContentView.swift in Sources */ = {isa = PBXBuildFile; fileRef = 10CB3ABA2A02B22D0006A680 /* ContentView.swift */; };
		10CB3ABD2A02B22D0006A680 /* Assets.xcassets in Resources */ = {isa = PBXBuildFile; fileRef = 10CB3ABC2A02B22D0006A680 /* Assets.xcassets */; };
		10CB3AC02A02B22D0006A680 /* Preview Assets.xcassets in Resources */ = {isa = PBXBuildFile; fileRef = 10CB3ABF2A02B22D0006A680 /* Preview Assets.xcassets */; };
		10CB3AC82A02B26B0006A680 /* DashboardView.swift in Sources */ = {isa = PBXBuildFile; fileRef = 10CB3AC72A02B26B0006A680 /* DashboardView.swift */; };
		10CB3ACD2A02B3830006A680 /* PaymentView.swift in Sources */ = {isa = PBXBuildFile; fileRef = 10CB3ACC2A02B3830006A680 /* PaymentView.swift */; };
		10CB3ACF2A02B5060006A680 /* PaymentServiceProvider.swift in Sources */ = {isa = PBXBuildFile; fileRef = 10CB3ACE2A02B5060006A680 /* PaymentServiceProvider.swift */; };
		10CB3AD12A02B54D0006A680 /* PaymentServiceProviderData.swift in Sources */ = {isa = PBXBuildFile; fileRef = 10CB3AD02A02B54D0006A680 /* PaymentServiceProviderData.swift */; };
		10CB3AD42A02C19A0006A680 /* NavButtonDesign.swift in Sources */ = {isa = PBXBuildFile; fileRef = 10CB3AD32A02C19A0006A680 /* NavButtonDesign.swift */; };
		10CB3AD62A02CD110006A680 /* CustomTextFieldView.swift in Sources */ = {isa = PBXBuildFile; fileRef = 10CB3AD52A02CD110006A680 /* CustomTextFieldView.swift */; };
		10CB3AD92A0311D10006A680 /* ToastAlertView.swift in Sources */ = {isa = PBXBuildFile; fileRef = 10CB3AD82A0311D10006A680 /* ToastAlertView.swift */; };
/* End PBXBuildFile section */

/* Begin PBXFileReference section */
		10CB3AB52A02B22D0006A680 /* Pay and Go.app */ = {isa = PBXFileReference; explicitFileType = wrapper.application; includeInIndex = 0; path = "Pay and Go.app"; sourceTree = BUILT_PRODUCTS_DIR; };
		10CB3AB82A02B22D0006A680 /* Pay_and_GoApp.swift */ = {isa = PBXFileReference; lastKnownFileType = sourcecode.swift; path = Pay_and_GoApp.swift; sourceTree = "<group>"; };
		10CB3ABA2A02B22D0006A680 /* ContentView.swift */ = {isa = PBXFileReference; lastKnownFileType = sourcecode.swift; path = ContentView.swift; sourceTree = "<group>"; };
		10CB3ABC2A02B22D0006A680 /* Assets.xcassets */ = {isa = PBXFileReference; lastKnownFileType = folder.assetcatalog; path = Assets.xcassets; sourceTree = "<group>"; };
		10CB3ABF2A02B22D0006A680 /* Preview Assets.xcassets */ = {isa = PBXFileReference; lastKnownFileType = folder.assetcatalog; path = "Preview Assets.xcassets"; sourceTree = "<group>"; };
		10CB3AC72A02B26B0006A680 /* DashboardView.swift */ = {isa = PBXFileReference; lastKnownFileType = sourcecode.swift; path = DashboardView.swift; sourceTree = "<group>"; };
		10CB3ACC2A02B3830006A680 /* PaymentView.swift */ = {isa = PBXFileReference; lastKnownFileType = sourcecode.swift; path = PaymentView.swift; sourceTree = "<group>"; };
		10CB3ACE2A02B5060006A680 /* PaymentServiceProvider.swift */ = {isa = PBXFileReference; lastKnownFileType = sourcecode.swift; path = PaymentServiceProvider.swift; sourceTree = "<group>"; };
		10CB3AD02A02B54D0006A680 /* PaymentServiceProviderData.swift */ = {isa = PBXFileReference; lastKnownFileType = sourcecode.swift; path = PaymentServiceProviderData.swift; sourceTree = "<group>"; };
		10CB3AD32A02C19A0006A680 /* NavButtonDesign.swift */ = {isa = PBXFileReference; lastKnownFileType = sourcecode.swift; path = NavButtonDesign.swift; sourceTree = "<group>"; };
		10CB3AD52A02CD110006A680 /* CustomTextFieldView.swift */ = {isa = PBXFileReference; lastKnownFileType = sourcecode.swift; path = CustomTextFieldView.swift; sourceTree = "<group>"; };
		10CB3AD82A0311D10006A680 /* ToastAlertView.swift */ = {isa = PBXFileReference; lastKnownFileType = sourcecode.swift; path = ToastAlertView.swift; sourceTree = "<group>"; };
/* End PBXFileReference section */

/* Begin PBXFrameworksBuildPhase section */
		10CB3AB22A02B22D0006A680 /* Frameworks */ = {
			isa = PBXFrameworksBuildPhase;
			buildActionMask = 2147483647;
			files = (
			);
			runOnlyForDeploymentPostprocessing = 0;
		};
/* End PBXFrameworksBuildPhase section */

/* Begin PBXGroup section */
		10CB3AAC2A02B22D0006A680 = {
			isa = PBXGroup;
			children = (
				10CB3AB72A02B22D0006A680 /* Pay and Go */,
				10CB3AB62A02B22D0006A680 /* Products */,
			);
			sourceTree = "<group>";
		};
		10CB3AB62A02B22D0006A680 /* Products */ = {
			isa = PBXGroup;
			children = (
				10CB3AB52A02B22D0006A680 /* Pay and Go.app */,
			);
			name = Products;
			sourceTree = "<group>";
		};
		10CB3AB72A02B22D0006A680 /* Pay and Go */ = {
			isa = PBXGroup;
			children = (
				10CB3AC62A02B2570006A680 /* App */,
				10CB3AC92A02B27D0006A680 /* View */,
				10CB3ACA2A02B28D0006A680 /* Model */,
				10CB3ACB2A02B29B0006A680 /* Storage */,
				10CB3AD72A0311A40006A680 /* Alert */,
				10CB3AD22A02BC680006A680 /* Extension */,
				10CB3AB82A02B22D0006A680 /* Pay_and_GoApp.swift */,
				10CB3ABA2A02B22D0006A680 /* ContentView.swift */,
				10CB3ABC2A02B22D0006A680 /* Assets.xcassets */,
				10CB3ABE2A02B22D0006A680 /* Preview Content */,
			);
			path = "Pay and Go";
			sourceTree = "<group>";
		};
		10CB3ABE2A02B22D0006A680 /* Preview Content */ = {
			isa = PBXGroup;
			children = (
				10CB3ABF2A02B22D0006A680 /* Preview Assets.xcassets */,
			);
			path = "Preview Content";
			sourceTree = "<group>";
		};
		10CB3AC62A02B2570006A680 /* App */ = {
			isa = PBXGroup;
			children = (
				10CB3AC72A02B26B0006A680 /* DashboardView.swift */,
			);
			path = App;
			sourceTree = "<group>";
		};
		10CB3AC92A02B27D0006A680 /* View */ = {
			isa = PBXGroup;
			children = (
				10CB3ACC2A02B3830006A680 /* PaymentView.swift */,
				10CB3AD52A02CD110006A680 /* CustomTextFieldView.swift */,
			);
			path = View;
			sourceTree = "<group>";
		};
		10CB3ACA2A02B28D0006A680 /* Model */ = {
			isa = PBXGroup;
			children = (
				10CB3ACE2A02B5060006A680 /* PaymentServiceProvider.swift */,
			);
			path = Model;
			sourceTree = "<group>";
		};
		10CB3ACB2A02B29B0006A680 /* Storage */ = {
			isa = PBXGroup;
			children = (
				10CB3AD02A02B54D0006A680 /* PaymentServiceProviderData.swift */,
			);
			path = Storage;
			sourceTree = "<group>";
		};
		10CB3AD22A02BC680006A680 /* Extension */ = {
			isa = PBXGroup;
			children = (
				10CB3AD32A02C19A0006A680 /* NavButtonDesign.swift */,
			);
			path = Extension;
			sourceTree = "<group>";
		};
		10CB3AD72A0311A40006A680 /* Alert */ = {
			isa = PBXGroup;
			children = (
				10CB3AD82A0311D10006A680 /* ToastAlertView.swift */,
			);
			path = Alert;
			sourceTree = "<group>";
		};
/* End PBXGroup section */

/* Begin PBXNativeTarget section */
		10CB3AB42A02B22D0006A680 /* Pay and Go */ = {
			isa = PBXNativeTarget;
			buildConfigurationList = 10CB3AC32A02B22D0006A680 /* Build configuration list for PBXNativeTarget "Pay and Go" */;
			buildPhases = (
				10CB3AB12A02B22D0006A680 /* Sources */,
				10CB3AB22A02B22D0006A680 /* Frameworks */,
				10CB3AB32A02B22D0006A680 /* Resources */,
			);
			buildRules = (
			);
			dependencies = (
			);
			name = "Pay and Go";
			productName = "Pay and Go";
			productReference = 10CB3AB52A02B22D0006A680 /* Pay and Go.app */;
			productType = "com.apple.product-type.application";
		};
/* End PBXNativeTarget section */

/* Begin PBXProject section */
		10CB3AAD2A02B22D0006A680 /* Project object */ = {
			isa = PBXProject;
			attributes = {
				BuildIndependentTargetsInParallel = 1;
				LastSwiftUpdateCheck = 1430;
				LastUpgradeCheck = 1430;
				TargetAttributes = {
					10CB3AB42A02B22D0006A680 = {
						CreatedOnToolsVersion = 14.3;
					};
				};
			};
			buildConfigurationList = 10CB3AB02A02B22D0006A680 /* Build configuration list for PBXProject "Pay and Go" */;
			compatibilityVersion = "Xcode 14.0";
			developmentRegion = en;
			hasScannedForEncodings = 0;
			knownRegions = (
				en,
				Base,
			);
			mainGroup = 10CB3AAC2A02B22D0006A680;
			productRefGroup = 10CB3AB62A02B22D0006A680 /* Products */;
			projectDirPath = "";
			projectRoot = "";
			targets = (
				10CB3AB42A02B22D0006A680 /* Pay and Go */,
			);
		};
/* End PBXProject section */

/* Begin PBXResourcesBuildPhase section */
		10CB3AB32A02B22D0006A680 /* Resources */ = {
			isa = PBXResourcesBuildPhase;
			buildActionMask = 2147483647;
			files = (
				10CB3AC02A02B22D0006A680 /* Preview Assets.xcassets in Resources */,
				10CB3ABD2A02B22D0006A680 /* Assets.xcassets in Resources */,
			);
			runOnlyForDeploymentPostprocessing = 0;
		};
/* End PBXResourcesBuildPhase section */

/* Begin PBXSourcesBuildPhase section */
		10CB3AB12A02B22D0006A680 /* Sources */ = {
			isa = PBXSourcesBuildPhase;
			buildActionMask = 2147483647;
			files = (
				10CB3ABB2A02B22D0006A680 /* ContentView.swift in Sources */,
				10CB3ACF2A02B5060006A680 /* PaymentServiceProvider.swift in Sources */,
				10CB3ACD2A02B3830006A680 /* PaymentView.swift in Sources */,
				10CB3AD62A02CD110006A680 /* CustomTextFieldView.swift in Sources */,
				10CB3AD92A0311D10006A680 /* ToastAlertView.swift in Sources */,
				10CB3AD42A02C19A0006A680 /* NavButtonDesign.swift in Sources */,
				10CB3AC82A02B26B0006A680 /* DashboardView.swift in Sources */,
				10CB3AD12A02B54D0006A680 /* PaymentServiceProviderData.swift in Sources */,
				10CB3AB92A02B22D0006A680 /* Pay_and_GoApp.swift in Sources */,
			);
			runOnlyForDeploymentPostprocessing = 0;
		};
/* End PBXSourcesBuildPhase section */

/* Begin XCBuildConfiguration section */
		10CB3AC12A02B22D0006A680 /* Debug */ = {
			isa = XCBuildConfiguration;
			buildSettings = {
				ALWAYS_SEARCH_USER_PATHS = NO;
				CLANG_ANALYZER_NONNULL = YES;
				CLANG_ANALYZER_NUMBER_OBJECT_CONVERSION = YES_AGGRESSIVE;
				CLANG_CXX_LANGUAGE_STANDARD = "gnu++20";
				CLANG_ENABLE_MODULES = YES;
				CLANG_ENABLE_OBJC_ARC = YES;
				CLANG_ENABLE_OBJC_WEAK = YES;
				CLANG_WARN_BLOCK_CAPTURE_AUTORELEASING = YES;
				CLANG_WARN_BOOL_CONVERSION = YES;
				CLANG_WARN_COMMA = YES;
				CLANG_WARN_CONSTANT_CONVERSION = YES;
				CLANG_WARN_DEPRECATED_OBJC_IMPLEMENTATIONS = YES;
				CLANG_WARN_DIRECT_OBJC_ISA_USAGE = YES_ERROR;
				CLANG_WARN_DOCUMENTATION_COMMENTS = YES;
				CLANG_WARN_EMPTY_BODY = YES;
				CLANG_WARN_ENUM_CONVERSION = YES;
				CLANG_WARN_INFINITE_RECURSION = YES;
				CLANG_WARN_INT_CONVERSION = YES;
				CLANG_WARN_NON_LITERAL_NULL_CONVERSION = YES;
				CLANG_WARN_OBJC_IMPLICIT_RETAIN_SELF = YES;
				CLANG_WARN_OBJC_LITERAL_CONVERSION = YES;
				CLANG_WARN_OBJC_ROOT_CLASS = YES_ERROR;
				CLANG_WARN_QUOTED_INCLUDE_IN_FRAMEWORK_HEADER = YES;
				CLANG_WARN_RANGE_LOOP_ANALYSIS = YES;
				CLANG_WARN_STRICT_PROTOTYPES = YES;
				CLANG_WARN_SUSPICIOUS_MOVE = YES;
				CLANG_WARN_UNGUARDED_AVAILABILITY = YES_AGGRESSIVE;
				CLANG_WARN_UNREACHABLE_CODE = YES;
				CLANG_WARN__DUPLICATE_METHOD_MATCH = YES;
				COPY_PHASE_STRIP = NO;
				DEBUG_INFORMATION_FORMAT = dwarf;
				ENABLE_STRICT_OBJC_MSGSEND = YES;
				ENABLE_TESTABILITY = YES;
				GCC_C_LANGUAGE_STANDARD = gnu11;
				GCC_DYNAMIC_NO_PIC = NO;
				GCC_NO_COMMON_BLOCKS = YES;
				GCC_OPTIMIZATION_LEVEL = 0;
				GCC_PREPROCESSOR_DEFINITIONS = (
					"DEBUG=1",
					"$(inherited)",
				);
				GCC_WARN_64_TO_32_BIT_CONVERSION = YES;
				GCC_WARN_ABOUT_RETURN_TYPE = YES_ERROR;
				GCC_WARN_UNDECLARED_SELECTOR = YES;
				GCC_WARN_UNINITIALIZED_AUTOS = YES_AGGRESSIVE;
				GCC_WARN_UNUSED_FUNCTION = YES;
				GCC_WARN_UNUSED_VARIABLE = YES;
				IPHONEOS_DEPLOYMENT_TARGET = 16.4;
				MTL_ENABLE_DEBUG_INFO = INCLUDE_SOURCE;
				MTL_FAST_MATH = YES;
				ONLY_ACTIVE_ARCH = YES;
				SDKROOT = iphoneos;
				SWIFT_ACTIVE_COMPILATION_CONDITIONS = DEBUG;
				SWIFT_OPTIMIZATION_LEVEL = "-Onone";
			};
			name = Debug;
		};
		10CB3AC22A02B22D0006A680 /* Release */ = {
			isa = XCBuildConfiguration;
			buildSettings = {
				ALWAYS_SEARCH_USER_PATHS = NO;
				CLANG_ANALYZER_NONNULL = YES;
				CLANG_ANALYZER_NUMBER_OBJECT_CONVERSION = YES_AGGRESSIVE;
				CLANG_CXX_LANGUAGE_STANDARD = "gnu++20";
				CLANG_ENABLE_MODULES = YES;
				CLANG_ENABLE_OBJC_ARC = YES;
				CLANG_ENABLE_OBJC_WEAK = YES;
				CLANG_WARN_BLOCK_CAPTURE_AUTORELEASING = YES;
				CLANG_WARN_BOOL_CONVERSION = YES;
				CLANG_WARN_COMMA = YES;
				CLANG_WARN_CONSTANT_CONVERSION = YES;
				CLANG_WARN_DEPRECATED_OBJC_IMPLEMENTATIONS = YES;
				CLANG_WARN_DIRECT_OBJC_ISA_USAGE = YES_ERROR;
				CLANG_WARN_DOCUMENTATION_COMMENTS = YES;
				CLANG_WARN_EMPTY_BODY = YES;
				CLANG_WARN_ENUM_CONVERSION = YES;
				CLANG_WARN_INFINITE_RECURSION = YES;
				CLANG_WARN_INT_CONVERSION = YES;
				CLANG_WARN_NON_LITERAL_NULL_CONVERSION = YES;
				CLANG_WARN_OBJC_IMPLICIT_RETAIN_SELF = YES;
				CLANG_WARN_OBJC_LITERAL_CONVERSION = YES;
				CLANG_WARN_OBJC_ROOT_CLASS = YES_ERROR;
				CLANG_WARN_QUOTED_INCLUDE_IN_FRAMEWORK_HEADER = YES;
				CLANG_WARN_RANGE_LOOP_ANALYSIS = YES;
				CLANG_WARN_STRICT_PROTOTYPES = YES;
				CLANG_WARN_SUSPICIOUS_MOVE = YES;
				CLANG_WARN_UNGUARDED_AVAILABILITY = YES_AGGRESSIVE;
				CLANG_WARN_UNREACHABLE_CODE = YES;
				CLANG_WARN__DUPLICATE_METHOD_MATCH = YES;
				COPY_PHASE_STRIP = NO;
				DEBUG_INFORMATION_FORMAT = "dwarf-with-dsym";
				ENABLE_NS_ASSERTIONS = NO;
				ENABLE_STRICT_OBJC_MSGSEND = YES;
				GCC_C_LANGUAGE_STANDARD = gnu11;
				GCC_NO_COMMON_BLOCKS = YES;
				GCC_WARN_64_TO_32_BIT_CONVERSION = YES;
				GCC_WARN_ABOUT_RETURN_TYPE = YES_ERROR;
				GCC_WARN_UNDECLARED_SELECTOR = YES;
				GCC_WARN_UNINITIALIZED_AUTOS = YES_AGGRESSIVE;
				GCC_WARN_UNUSED_FUNCTION = YES;
				GCC_WARN_UNUSED_VARIABLE = YES;
				IPHONEOS_DEPLOYMENT_TARGET = 16.4;
				MTL_ENABLE_DEBUG_INFO = NO;
				MTL_FAST_MATH = YES;
				SDKROOT = iphoneos;
				SWIFT_COMPILATION_MODE = wholemodule;
				SWIFT_OPTIMIZATION_LEVEL = "-O";
				VALIDATE_PRODUCT = YES;
			};
			name = Release;
		};
		10CB3AC42A02B22D0006A680 /* Debug */ = {
			isa = XCBuildConfiguration;
			buildSettings = {
				ASSETCATALOG_COMPILER_APPICON_NAME = AppIcon;
				ASSETCATALOG_COMPILER_GLOBAL_ACCENT_COLOR_NAME = AccentColor;
				CODE_SIGN_STYLE = Automatic;
				CURRENT_PROJECT_VERSION = 1;
				DEVELOPMENT_ASSET_PATHS = "\"Pay and Go/Preview Content\"";
				DEVELOPMENT_TEAM = 767JC457LD;
				ENABLE_PREVIEWS = YES;
				GENERATE_INFOPLIST_FILE = YES;
				INFOPLIST_KEY_UIApplicationSceneManifest_Generation = YES;
				INFOPLIST_KEY_UIApplicationSupportsIndirectInputEvents = YES;
				INFOPLIST_KEY_UILaunchScreen_Generation = YES;
				INFOPLIST_KEY_UISupportedInterfaceOrientations_iPad = "UIInterfaceOrientationPortrait UIInterfaceOrientationPortraitUpsideDown UIInterfaceOrientationLandscapeLeft UIInterfaceOrientationLandscapeRight";
				INFOPLIST_KEY_UISupportedInterfaceOrientations_iPhone = "UIInterfaceOrientationPortrait UIInterfaceOrientationLandscapeLeft UIInterfaceOrientationLandscapeRight";
				IPHONEOS_DEPLOYMENT_TARGET = 16.0;
				LD_RUNPATH_SEARCH_PATHS = (
					"$(inherited)",
					"@executable_path/Frameworks",
				);
				MARKETING_VERSION = 1.0;
				PRODUCT_BUNDLE_IDENTIFIER = "com.mdabirhossain.Pay-and-Go";
				PRODUCT_NAME = "$(TARGET_NAME)";
				SWIFT_EMIT_LOC_STRINGS = YES;
				SWIFT_VERSION = 5.0;
				TARGETED_DEVICE_FAMILY = "1,2";
			};
			name = Debug;
		};
		10CB3AC52A02B22D0006A680 /* Release */ = {
			isa = XCBuildConfiguration;
			buildSettings = {
				ASSETCATALOG_COMPILER_APPICON_NAME = AppIcon;
				ASSETCATALOG_COMPILER_GLOBAL_ACCENT_COLOR_NAME = AccentColor;
				CODE_SIGN_STYLE = Automatic;
				CURRENT_PROJECT_VERSION = 1;
				DEVELOPMENT_ASSET_PATHS = "\"Pay and Go/Preview Content\"";
				DEVELOPMENT_TEAM = 767JC457LD;
				ENABLE_PREVIEWS = YES;
				GENERATE_INFOPLIST_FILE = YES;
				INFOPLIST_KEY_UIApplicationSceneManifest_Generation = YES;
				INFOPLIST_KEY_UIApplicationSupportsIndirectInputEvents = YES;
				INFOPLIST_KEY_UILaunchScreen_Generation = YES;
				INFOPLIST_KEY_UISupportedInterfaceOrientations_iPad = "UIInterfaceOrientationPortrait UIInterfaceOrientationPortraitUpsideDown UIInterfaceOrientationLandscapeLeft UIInterfaceOrientationLandscapeRight";
				INFOPLIST_KEY_UISupportedInterfaceOrientations_iPhone = "UIInterfaceOrientationPortrait UIInterfaceOrientationLandscapeLeft UIInterfaceOrientationLandscapeRight";
				IPHONEOS_DEPLOYMENT_TARGET = 16.0;
				LD_RUNPATH_SEARCH_PATHS = (
					"$(inherited)",
					"@executable_path/Frameworks",
				);
				MARKETING_VERSION = 1.0;
				PRODUCT_BUNDLE_IDENTIFIER = "com.mdabirhossain.Pay-and-Go";
				PRODUCT_NAME = "$(TARGET_NAME)";
				SWIFT_EMIT_LOC_STRINGS = YES;
				SWIFT_VERSION = 5.0;
				TARGETED_DEVICE_FAMILY = "1,2";
			};
			name = Release;
		};
/* End XCBuildConfiguration section */

/* Begin XCConfigurationList section */
		10CB3AB02A02B22D0006A680 /* Build configuration list for PBXProject "Pay and Go" */ = {
			isa = XCConfigurationList;
			buildConfigurations = (
				10CB3AC12A02B22D0006A680 /* Debug */,
				10CB3AC22A02B22D0006A680 /* Release */,
			);
			defaultConfigurationIsVisible = 0;
			defaultConfigurationName = Release;
		};
		10CB3AC32A02B22D0006A680 /* Build configuration list for PBXNativeTarget "Pay and Go" */ = {
			isa = XCConfigurationList;
			buildConfigurations = (
				10CB3AC42A02B22D0006A680 /* Debug */,
				10CB3AC52A02B22D0006A680 /* Release */,
			);
			defaultConfigurationIsVisible = 0;
			defaultConfigurationName = Release;
		};
/* End XCConfigurationList section */
	};
	rootObject = 10CB3AAD2A02B22D0006A680 /* Project object */;
}
